
Microsoft Visual Studio Solution File, Format Version 12.00
# Visual Studio Version 17
VisualStudioVersion = 17.5.33424.131
MinimumVisualStudioVersion = 10.0.40219.1
Project("{9A19103F-16F7-4668-BE54-9A1E7A4F7556}") = "AssParser", "AssParser\AssParser.csproj", "{D35EC867-62B6-43EC-BF1B-7F3EC4266614}"
EndProject
Project("{9A19103F-16F7-4668-BE54-9A1E7A4F7556}") = "AssParser.Lib", "AssParser.Lib\AssParser.Lib.csproj", "{54A77E0E-F7CC-4185-B264-8EB59A9D6265}"
EndProject
Project("{FAE04EC0-301F-11D3-BF4B-00C04F79EFBC}") = "AssParser.Test", "AssParser.Test\AssParser.Test.csproj", "{315F3264-222E-49C7-A259-7CA1417EFB36}"
	ProjectSection(ProjectDependencies) = postProject
		{54A77E0E-F7CC-4185-B264-8EB59A9D6265} = {54A77E0E-F7CC-4185-B264-8EB59A9D6265}
	EndProjectSection
EndProject
Global
	GlobalSection(SolutionConfigurationPlatforms) = preSolution
		Debug|Any CPU = Debug|Any CPU
		Release|Any CPU = Release|Any CPU
	EndGlobalSection
	GlobalSection(ProjectConfigurationPlatforms) = postSolution
		{D35EC867-62B6-43EC-BF1B-7F3EC4266614}.Debug|Any CPU.ActiveCfg = Debug|Any CPU
		{D35EC867-62B6-43EC-BF1B-7F3EC4266614}.Debug|Any CPU.Build.0 = Debug|Any CPU
		{D35EC867-62B6-43EC-BF1B-7F3EC4266614}.Release|Any CPU.ActiveCfg = Release|Any CPU
		{D35EC867-62B6-43EC-BF1B-7F3EC4266614}.Release|Any CPU.Build.0 = Release|Any CPU
		{54A77E0E-F7CC-4185-B264-8EB59A9D6265}.Debug|Any CPU.ActiveCfg = Debug|Any CPU
		{54A77E0E-F7CC-4185-B264-8EB59A9D6265}.Debug|Any CPU.Build.0 = Debug|Any CPU
		{54A77E0E-F7CC-4185-B264-8EB59A9D6265}.Release|Any CPU.ActiveCfg = Release|Any CPU
		{54A77E0E-F7CC-4185-B264-8EB59A9D6265}.Release|Any CPU.Build.0 = Release|Any CPU
		{315F3264-222E-49C7-A259-7CA1417EFB36}.Debug|Any CPU.ActiveCfg = Debug|Any CPU
		{315F3264-222E-49C7-A259-7CA1417EFB36}.Debug|Any CPU.Build.0 = Debug|Any CPU
		{315F3264-222E-49C7-A259-7CA1417EFB36}.Release|Any CPU.ActiveCfg = Release|Any CPU
		{315F3264-222E-49C7-A259-7CA1417EFB36}.Release|Any CPU.Build.0 = Release|Any CPU
	EndGlobalSection
	GlobalSection(SolutionProperties) = preSolution
		HideSolutionNode = FALSE
	EndGlobalSection
	GlobalSection(ExtensibilityGlobals) = postSolution
		SolutionGuid = {1122EA1F-81AD-4EA4-B653-43C45210BF5E}
	EndGlobalSection
EndGlobal
